// !$*UTF8*$!
{
	archiveVersion = 1;
	classes = {
	};
	objectVersion = 50;
	objects = {

/* Begin PBXBuildFile section */
		87F7FA1924191DC4001C0B42 /* AppDelegate.swift in Sources */ = {isa = PBXBuildFile; fileRef = 87F7FA1824191DC4001C0B42 /* AppDelegate.swift */; };
		87F7FA1B24191DC4001C0B42 /* SceneDelegate.swift in Sources */ = {isa = PBXBuildFile; fileRef = 87F7FA1A24191DC4001C0B42 /* SceneDelegate.swift */; };
		87F7FA2024191DC4001C0B42 /* Main.storyboard in Resources */ = {isa = PBXBuildFile; fileRef = 87F7FA1E24191DC4001C0B42 /* Main.storyboard */; };
		87F7FA2224191DC5001C0B42 /* Assets.xcassets in Resources */ = {isa = PBXBuildFile; fileRef = 87F7FA2124191DC5001C0B42 /* Assets.xcassets */; };
		87F7FA2524191DC5001C0B42 /* LaunchScreen.storyboard in Resources */ = {isa = PBXBuildFile; fileRef = 87F7FA2324191DC5001C0B42 /* LaunchScreen.storyboard */; };
		87F7FA2D24191DE5001C0B42 /* MainTableViewController.swift in Sources */ = {isa = PBXBuildFile; fileRef = 87F7FA2C24191DE5001C0B42 /* MainTableViewController.swift */; };
		87F7FA2F24191E2B001C0B42 /* Cell.swift in Sources */ = {isa = PBXBuildFile; fileRef = 87F7FA2E24191E2B001C0B42 /* Cell.swift */; };
		87F7FA3524192BEF001C0B42 /* File.swift in Sources */ = {isa = PBXBuildFile; fileRef = 87F7FA3424192BEF001C0B42 /* File.swift */; };
		87F7FA3A24193555001C0B42 /* DataJson.json in Resources */ = {isa = PBXBuildFile; fileRef = 87F7FA3924193555001C0B42 /* DataJson.json */; };
		87F7FA3C2419421C001C0B42 /* DataLoader.swift in Sources */ = {isa = PBXBuildFile; fileRef = 87F7FA3B2419421C001C0B42 /* DataLoader.swift */; };
		87F7FA42241971EF001C0B42 /* DataList.plist in Resources */ = {isa = PBXBuildFile; fileRef = 87F7FA41241971EF001C0B42 /* DataList.plist */; };
		87F7FA48241AF85B001C0B42 /* EditViewController.swift in Sources */ = {isa = PBXBuildFile; fileRef = 87F7FA47241AF85B001C0B42 /* EditViewController.swift */; };
/* End PBXBuildFile section */

/* Begin PBXFileReference section */
		87F7FA1524191DC4001C0B42 /* FileManager.app */ = {isa = PBXFileReference; explicitFileType = wrapper.application; includeInIndex = 0; path = FileManager.app; sourceTree = BUILT_PRODUCTS_DIR; };
		87F7FA1824191DC4001C0B42 /* AppDelegate.swift */ = {isa = PBXFileReference; lastKnownFileType = sourcecode.swift; path = AppDelegate.swift; sourceTree = "<group>"; };
		87F7FA1A24191DC4001C0B42 /* SceneDelegate.swift */ = {isa = PBXFileReference; lastKnownFileType = sourcecode.swift; path = SceneDelegate.swift; sourceTree = "<group>"; };
		87F7FA1F24191DC4001C0B42 /* Base */ = {isa = PBXFileReference; lastKnownFileType = file.storyboard; name = Base; path = Base.lproj/Main.storyboard; sourceTree = "<group>"; };
		87F7FA2124191DC5001C0B42 /* Assets.xcassets */ = {isa = PBXFileReference; lastKnownFileType = folder.assetcatalog; path = Assets.xcassets; sourceTree = "<group>"; };
		87F7FA2424191DC5001C0B42 /* Base */ = {isa = PBXFileReference; lastKnownFileType = file.storyboard; name = Base; path = Base.lproj/LaunchScreen.storyboard; sourceTree = "<group>"; };
		87F7FA2624191DC5001C0B42 /* Info.plist */ = {isa = PBXFileReference; lastKnownFileType = text.plist.xml; path = Info.plist; sourceTree = "<group>"; };
		87F7FA2C24191DE5001C0B42 /* MainTableViewController.swift */ = {isa = PBXFileReference; lastKnownFileType = sourcecode.swift; path = MainTableViewController.swift; sourceTree = "<group>"; };
		87F7FA2E24191E2B001C0B42 /* Cell.swift */ = {isa = PBXFileReference; lastKnownFileType = sourcecode.swift; path = Cell.swift; sourceTree = "<group>"; };
		87F7FA3424192BEF001C0B42 /* File.swift */ = {isa = PBXFileReference; lastKnownFileType = sourcecode.swift; path = File.swift; sourceTree = "<group>"; };
		87F7FA3924193555001C0B42 /* DataJson.json */ = {isa = PBXFileReference; lastKnownFileType = text.json; path = DataJson.json; sourceTree = "<group>"; };
		87F7FA3B2419421C001C0B42 /* DataLoader.swift */ = {isa = PBXFileReference; lastKnownFileType = sourcecode.swift; path = DataLoader.swift; sourceTree = "<group>"; };
		87F7FA41241971EF001C0B42 /* DataList.plist */ = {isa = PBXFileReference; lastKnownFileType = text.plist.xml; path = DataList.plist; sourceTree = "<group>"; };
		87F7FA47241AF85B001C0B42 /* EditViewController.swift */ = {isa = PBXFileReference; lastKnownFileType = sourcecode.swift; path = EditViewController.swift; sourceTree = "<group>"; };
/* End PBXFileReference section */

/* Begin PBXFrameworksBuildPhase section */
		87F7FA1224191DC4001C0B42 /* Frameworks */ = {
			isa = PBXFrameworksBuildPhase;
			buildActionMask = 2147483647;
			files = (
			);
			runOnlyForDeploymentPostprocessing = 0;
		};
/* End PBXFrameworksBuildPhase section */

/* Begin PBXGroup section */
		87F7FA0C24191DC4001C0B42 = {
			isa = PBXGroup;
			children = (
				87F7FA1724191DC4001C0B42 /* FileManager */,
				87F7FA1624191DC4001C0B42 /* Products */,
			);
			sourceTree = "<group>";
		};
		87F7FA1624191DC4001C0B42 /* Products */ = {
			isa = PBXGroup;
			children = (
				87F7FA1524191DC4001C0B42 /* FileManager.app */,
			);
			name = Products;
			sourceTree = "<group>";
		};
		87F7FA1724191DC4001C0B42 /* FileManager */ = {
			isa = PBXGroup;
			children = (
				87F7FA1824191DC4001C0B42 /* AppDelegate.swift */,
				87F7FA1A24191DC4001C0B42 /* SceneDelegate.swift */,
				87F7FA3224192BD7001C0B42 /* Controllers */,
				87F7FA3324192BE4001C0B42 /* Model */,
				87F7FA1E24191DC4001C0B42 /* Main.storyboard */,
				87F7FA2E24191E2B001C0B42 /* Cell.swift */,
				87F7FA2124191DC5001C0B42 /* Assets.xcassets */,
				87F7FA2324191DC5001C0B42 /* LaunchScreen.storyboard */,
				87F7FA2624191DC5001C0B42 /* Info.plist */,
			);
			path = FileManager;
			sourceTree = "<group>";
		};
		87F7FA3224192BD7001C0B42 /* Controllers */ = {
			isa = PBXGroup;
			children = (
				87F7FA2C24191DE5001C0B42 /* MainTableViewController.swift */,
				87F7FA47241AF85B001C0B42 /* EditViewController.swift */,
			);
			name = Controllers;
			sourceTree = "<group>";
		};
		87F7FA3324192BE4001C0B42 /* Model */ = {
			isa = PBXGroup;
			children = (
				87F7FA3424192BEF001C0B42 /* File.swift */,
				87F7FA3B2419421C001C0B42 /* DataLoader.swift */,
				87F7FA3924193555001C0B42 /* DataJson.json */,
				87F7FA41241971EF001C0B42 /* DataList.plist */,
			);
			path = Model;
			sourceTree = "<group>";
		};
/* End PBXGroup section */

/* Begin PBXNativeTarget section */
		87F7FA1424191DC4001C0B42 /* FileManager */ = {
			isa = PBXNativeTarget;
			buildConfigurationList = 87F7FA2924191DC5001C0B42 /* Build configuration list for PBXNativeTarget "FileManager" */;
			buildPhases = (
				87F7FA1124191DC4001C0B42 /* Sources */,
				87F7FA1224191DC4001C0B42 /* Frameworks */,
				87F7FA1324191DC4001C0B42 /* Resources */,
			);
			buildRules = (
			);
			dependencies = (
			);
			name = FileManager;
			productName = FileManager;
			productReference = 87F7FA1524191DC4001C0B42 /* FileManager.app */;
			productType = "com.apple.product-type.application";
		};
/* End PBXNativeTarget section */

/* Begin PBXProject section */
		87F7FA0D24191DC4001C0B42 /* Project object */ = {
			isa = PBXProject;
			attributes = {
				LastSwiftUpdateCheck = 1130;
				LastUpgradeCheck = 1130;
				ORGANIZATIONNAME = "Сергей";
				TargetAttributes = {
					87F7FA1424191DC4001C0B42 = {
						CreatedOnToolsVersion = 11.3.1;
					};
				};
			};
			buildConfigurationList = 87F7FA1024191DC4001C0B42 /* Build configuration list for PBXProject "FileManager" */;
			compatibilityVersion = "Xcode 9.3";
			developmentRegion = en;
			hasScannedForEncodings = 0;
			knownRegions = (
				en,
				Base,
			);
			mainGroup = 87F7FA0C24191DC4001C0B42;
			productRefGroup = 87F7FA1624191DC4001C0B42 /* Products */;
			projectDirPath = "";
			projectRoot = "";
			targets = (
				87F7FA1424191DC4001C0B42 /* FileManager */,
			);
		};
/* End PBXProject section */

/* Begin PBXResourcesBuildPhase section */
		87F7FA1324191DC4001C0B42 /* Resources */ = {
			isa = PBXResourcesBuildPhase;
			buildActionMask = 2147483647;
			files = (
				87F7FA42241971EF001C0B42 /* DataList.plist in Resources */,
				87F7FA3A24193555001C0B42 /* DataJson.json in Resources */,
				87F7FA2524191DC5001C0B42 /* LaunchScreen.storyboard in Resources */,
				87F7FA2224191DC5001C0B42 /* Assets.xcassets in Resources */,
				87F7FA2024191DC4001C0B42 /* Main.storyboard in Resources */,
			);
			runOnlyForDeploymentPostprocessing = 0;
		};
/* End PBXResourcesBuildPhase section */

/* Begin PBXSourcesBuildPhase section */
		87F7FA1124191DC4001C0B42 /* Sources */ = {
			isa = PBXSourcesBuildPhase;
			buildActionMask = 2147483647;
			files = (
				87F7FA3524192BEF001C0B42 /* File.swift in Sources */,
				87F7FA1924191DC4001C0B42 /* AppDelegate.swift in Sources */,
				87F7FA3C2419421C001C0B42 /* DataLoader.swift in Sources */,
				87F7FA2F24191E2B001C0B42 /* Cell.swift in Sources */,
				87F7FA2D24191DE5001C0B42 /* MainTableViewController.swift in Sources */,
				87F7FA1B24191DC4001C0B42 /* SceneDelegate.swift in Sources */,
				87F7FA48241AF85B001C0B42 /* EditViewController.swift in Sources */,
			);
			runOnlyForDeploymentPostprocessing = 0;
		};
/* End PBXSourcesBuildPhase section */

/* Begin PBXVariantGroup section */
		87F7FA1E24191DC4001C0B42 /* Main.storyboard */ = {
			isa = PBXVariantGroup;
			children = (
				87F7FA1F24191DC4001C0B42 /* Base */,
			);
			name = Main.storyboard;
			sourceTree = "<group>";
		};
		87F7FA2324191DC5001C0B42 /* LaunchScreen.storyboard */ = {
			isa = PBXVariantGroup;
			children = (
				87F7FA2424191DC5001C0B42 /* Base */,
			);
			name = LaunchScreen.storyboard;
			sourceTree = "<group>";
		};
/* End PBXVariantGroup section */

/* Begin XCBuildConfiguration section */
		87F7FA2724191DC5001C0B42 /* Debug */ = {
			isa = XCBuildConfiguration;
			buildSettings = {
				ALWAYS_SEARCH_USER_PATHS = NO;
				CLANG_ANALYZER_NONNULL = YES;
				CLANG_ANALYZER_NUMBER_OBJECT_CONVERSION = YES_AGGRESSIVE;
				CLANG_CXX_LANGUAGE_STANDARD = "gnu++14";
				CLANG_CXX_LIBRARY = "libc++";
				CLANG_ENABLE_MODULES = YES;
				CLANG_ENABLE_OBJC_ARC = YES;
				CLANG_ENABLE_OBJC_WEAK = YES;
				CLANG_WARN_BLOCK_CAPTURE_AUTORELEASING = YES;
				CLANG_WARN_BOOL_CONVERSION = YES;
				CLANG_WARN_COMMA = YES;
				CLANG_WARN_CONSTANT_CONVERSION = YES;
				CLANG_WARN_DEPRECATED_OBJC_IMPLEMENTATIONS = YES;
				CLANG_WARN_DIRECT_OBJC_ISA_USAGE = YES_ERROR;
				CLANG_WARN_DOCUMENTATION_COMMENTS = YES;
				CLANG_WARN_EMPTY_BODY = YES;
				CLANG_WARN_ENUM_CONVERSION = YES;
				CLANG_WARN_INFINITE_RECURSION = YES;
				CLANG_WARN_INT_CONVERSION = YES;
				CLANG_WARN_NON_LITERAL_NULL_CONVERSION = YES;
				CLANG_WARN_OBJC_IMPLICIT_RETAIN_SELF = YES;
				CLANG_WARN_OBJC_LITERAL_CONVERSION = YES;
				CLANG_WARN_OBJC_ROOT_CLASS = YES_ERROR;
				CLANG_WARN_RANGE_LOOP_ANALYSIS = YES;
				CLANG_WARN_STRICT_PROTOTYPES = YES;
				CLANG_WARN_SUSPICIOUS_MOVE = YES;
				CLANG_WARN_UNGUARDED_AVAILABILITY = YES_AGGRESSIVE;
				CLANG_WARN_UNREACHABLE_CODE = YES;
				CLANG_WARN__DUPLICATE_METHOD_MATCH = YES;
				COPY_PHASE_STRIP = NO;
				DEBUG_INFORMATION_FORMAT = dwarf;
				ENABLE_STRICT_OBJC_MSGSEND = YES;
				ENABLE_TESTABILITY = YES;
				GCC_C_LANGUAGE_STANDARD = gnu11;
				GCC_DYNAMIC_NO_PIC = NO;
				GCC_NO_COMMON_BLOCKS = YES;
				GCC_OPTIMIZATION_LEVEL = 0;
				GCC_PREPROCESSOR_DEFINITIONS = (
					"DEBUG=1",
					"$(inherited)",
				);
				GCC_WARN_64_TO_32_BIT_CONVERSION = YES;
				GCC_WARN_ABOUT_RETURN_TYPE = YES_ERROR;
				GCC_WARN_UNDECLARED_SELECTOR = YES;
				GCC_WARN_UNINITIALIZED_AUTOS = YES_AGGRESSIVE;
				GCC_WARN_UNUSED_FUNCTION = YES;
				GCC_WARN_UNUSED_VARIABLE = YES;
				IPHONEOS_DEPLOYMENT_TARGET = 13.2;
				MTL_ENABLE_DEBUG_INFO = INCLUDE_SOURCE;
				MTL_FAST_MATH = YES;
				ONLY_ACTIVE_ARCH = YES;
				SDKROOT = iphoneos;
				SWIFT_ACTIVE_COMPILATION_CONDITIONS = DEBUG;
				SWIFT_OPTIMIZATION_LEVEL = "-Onone";
			};
			name = Debug;
		};
		87F7FA2824191DC5001C0B42 /* Release */ = {
			isa = XCBuildConfiguration;
			buildSettings = {
				ALWAYS_SEARCH_USER_PATHS = NO;
				CLANG_ANALYZER_NONNULL = YES;
				CLANG_ANALYZER_NUMBER_OBJECT_CONVERSION = YES_AGGRESSIVE;
				CLANG_CXX_LANGUAGE_STANDARD = "gnu++14";
				CLANG_CXX_LIBRARY = "libc++";
				CLANG_ENABLE_MODULES = YES;
				CLANG_ENABLE_OBJC_ARC = YES;
				CLANG_ENABLE_OBJC_WEAK = YES;
				CLANG_WARN_BLOCK_CAPTURE_AUTORELEASING = YES;
				CLANG_WARN_BOOL_CONVERSION = YES;
				CLANG_WARN_COMMA = YES;
				CLANG_WARN_CONSTANT_CONVERSION = YES;
				CLANG_WARN_DEPRECATED_OBJC_IMPLEMENTATIONS = YES;
				CLANG_WARN_DIRECT_OBJC_ISA_USAGE = YES_ERROR;
				CLANG_WARN_DOCUMENTATION_COMMENTS = YES;
				CLANG_WARN_EMPTY_BODY = YES;
				CLANG_WARN_ENUM_CONVERSION = YES;
				CLANG_WARN_INFINITE_RECURSION = YES;
				CLANG_WARN_INT_CONVERSION = YES;
				CLANG_WARN_NON_LITERAL_NULL_CONVERSION = YES;
				CLANG_WARN_OBJC_IMPLICIT_RETAIN_SELF = YES;
				CLANG_WARN_OBJC_LITERAL_CONVERSION = YES;
				CLANG_WARN_OBJC_ROOT_CLASS = YES_ERROR;
				CLANG_WARN_RANGE_LOOP_ANALYSIS = YES;
				CLANG_WARN_STRICT_PROTOTYPES = YES;
				CLANG_WARN_SUSPICIOUS_MOVE = YES;
				CLANG_WARN_UNGUARDED_AVAILABILITY = YES_AGGRESSIVE;
				CLANG_WARN_UNREACHABLE_CODE = YES;
				CLANG_WARN__DUPLICATE_METHOD_MATCH = YES;
				COPY_PHASE_STRIP = NO;
				DEBUG_INFORMATION_FORMAT = "dwarf-with-dsym";
				ENABLE_NS_ASSERTIONS = NO;
				ENABLE_STRICT_OBJC_MSGSEND = YES;
				GCC_C_LANGUAGE_STANDARD = gnu11;
				GCC_NO_COMMON_BLOCKS = YES;
				GCC_WARN_64_TO_32_BIT_CONVERSION = YES;
				GCC_WARN_ABOUT_RETURN_TYPE = YES_ERROR;
				GCC_WARN_UNDECLARED_SELECTOR = YES;
				GCC_WARN_UNINITIALIZED_AUTOS = YES_AGGRESSIVE;
				GCC_WARN_UNUSED_FUNCTION = YES;
				GCC_WARN_UNUSED_VARIABLE = YES;
				IPHONEOS_DEPLOYMENT_TARGET = 13.2;
				MTL_ENABLE_DEBUG_INFO = NO;
				MTL_FAST_MATH = YES;
				SDKROOT = iphoneos;
				SWIFT_COMPILATION_MODE = wholemodule;
				SWIFT_OPTIMIZATION_LEVEL = "-O";
				VALIDATE_PRODUCT = YES;
			};
			name = Release;
		};
		87F7FA2A24191DC5001C0B42 /* Debug */ = {
			isa = XCBuildConfiguration;
			buildSettings = {
				ASSETCATALOG_COMPILER_APPICON_NAME = AppIcon;
				CODE_SIGN_STYLE = Automatic;
				DEVELOPMENT_TEAM = W9Z3YC6W2U;
				INFOPLIST_FILE = FileManager/Info.plist;
				LD_RUNPATH_SEARCH_PATHS = (
					"$(inherited)",
					"@executable_path/Frameworks",
				);
				PRODUCT_BUNDLE_IDENTIFIER = "-.FileManager";
				PRODUCT_NAME = "$(TARGET_NAME)";
				SWIFT_VERSION = 5.0;
				TARGETED_DEVICE_FAMILY = "1,2";
			};
			name = Debug;
		};
		87F7FA2B24191DC5001C0B42 /* Release */ = {
			isa = XCBuildConfiguration;
			buildSettings = {
				ASSETCATALOG_COMPILER_APPICON_NAME = AppIcon;
				CODE_SIGN_STYLE = Automatic;
				DEVELOPMENT_TEAM = W9Z3YC6W2U;
				INFOPLIST_FILE = FileManager/Info.plist;
				LD_RUNPATH_SEARCH_PATHS = (
					"$(inherited)",
					"@executable_path/Frameworks",
				);
				PRODUCT_BUNDLE_IDENTIFIER = "-.FileManager";
				PRODUCT_NAME = "$(TARGET_NAME)";
				SWIFT_VERSION = 5.0;
				TARGETED_DEVICE_FAMILY = "1,2";
			};
			name = Release;
		};
/* End XCBuildConfiguration section */

/* Begin XCConfigurationList section */
		87F7FA1024191DC4001C0B42 /* Build configuration list for PBXProject "FileManager" */ = {
			isa = XCConfigurationList;
			buildConfigurations = (
				87F7FA2724191DC5001C0B42 /* Debug */,
				87F7FA2824191DC5001C0B42 /* Release */,
			);
			defaultConfigurationIsVisible = 0;
			defaultConfigurationName = Release;
		};
		87F7FA2924191DC5001C0B42 /* Build configuration list for PBXNativeTarget "FileManager" */ = {
			isa = XCConfigurationList;
			buildConfigurations = (
				87F7FA2A24191DC5001C0B42 /* Debug */,
				87F7FA2B24191DC5001C0B42 /* Release */,
			);
			defaultConfigurationIsVisible = 0;
			defaultConfigurationName = Release;
		};
/* End XCConfigurationList section */
	};
	rootObject = 87F7FA0D24191DC4001C0B42 /* Project object */;
}
